PODS:
  - RxCocoa (6.9.0):
    - RxRelay (= 6.9.0)
    - RxSwift (= 6.9.0)
  - RxRelay (6.9.0):
    - RxSwift (= 6.9.0)
  - RxSwift (6.9.0)

DEPENDENCIES:
  - RxCocoa (~> 6.9.0)
  - RxSwift (~> 6.9.0)

SPEC REPOS:
  trunk:
    - RxCocoa
    - RxRelay
    - RxSwift

SPEC CHECKSUMS:
  RxCocoa: ac16414696ae706516be3e1ab00fcce5bdc9be8a
  RxRelay: 6b0c930e5cef57d5fe2032571e5e65b78e3cbdb1
  RxSwift: 31649ace6aceeb422e16ff71c60804f9c3281ed9

PODFILE CHECKSUM: af77138f057939982aa0c38d97c2fadadfb6ecad

COCOAPODS: 1.16.2
